
Microsoft Visual Studio Solution File, Format Version 12.00
# Visual Studio Version 16
VisualStudioVersion = 16.0.32126.315
MinimumVisualStudioVersion = 10.0.40219.1
Project("{FAE04EC0-301F-11D3-BF4B-00C04F79EFBC}") = "PaletteSwapper", "PaletteSwapper.csproj", "{8BD883D1-A6C9-4859-AAE5-8028B24502CE}"
EndProject
Global
	GlobalSection(SolutionConfigurationPlatforms) = preSolution
		Debug|Any CPU = Debug|Any CPU
		Release|Any CPU = Release|Any CPU
	EndGlobalSection
	GlobalSection(ProjectConfigurationPlatforms) = postSolution
		{8BD883D1-A6C9-4859-AAE5-8028B24502CE}.Debug|Any CPU.ActiveCfg = Debug|Any CPU
		{8BD883D1-A6C9-4859-AAE5-8028B24502CE}.Debug|Any CPU.Build.0 = Debug|Any CPU
		{8BD883D1-A6C9-4859-AAE5-8028B24502CE}.Release|Any CPU.ActiveCfg = Release|Any CPU
		{8BD883D1-A6C9-4859-AAE5-8028B24502CE}.Release|Any CPU.Build.0 = Release|Any CPU
	EndGlobalSection
	GlobalSection(SolutionProperties) = preSolution
		HideSolutionNode = FALSE
	EndGlobalSection
	GlobalSection(ExtensibilityGlobals) = postSolution
		SolutionGuid = {65B54454-9B32-4F25-9D45-1AC6B7147F95}
	EndGlobalSection
EndGlobal
